// !$*UTF8*$!
{
	archiveVersion = 1;
	classes = {
	};
	objectVersion = 46;
	objects = {

/* Begin PBXBuildFile section */
		21CF94B21A595C44000F84E4 /* AppDelegate.swift in Sources */ = {isa = PBXBuildFile; fileRef = 21CF94B11A595C44000F84E4 /* AppDelegate.swift */; };
		21CF94B41A595C44000F84E4 /* ViewController.swift in Sources */ = {isa = PBXBuildFile; fileRef = 21CF94B31A595C44000F84E4 /* ViewController.swift */; };
		21CF94B71A595C44000F84E4 /* Main.storyboard in Resources */ = {isa = PBXBuildFile; fileRef = 21CF94B51A595C44000F84E4 /* Main.storyboard */; };
		21CF94B91A595C44000F84E4 /* Images.xcassets in Resources */ = {isa = PBXBuildFile; fileRef = 21CF94B81A595C44000F84E4 /* Images.xcassets */; };
		21CF94BC1A595C44000F84E4 /* LaunchScreen.xib in Resources */ = {isa = PBXBuildFile; fileRef = 21CF94BA1A595C44000F84E4 /* LaunchScreen.xib */; };
		21CF94C81A595C44000F84E4 /* LiplisTests.swift in Sources */ = {isa = PBXBuildFile; fileRef = 21CF94C71A595C44000F84E4 /* LiplisTests.swift */; };
/* End PBXBuildFile section */

/* Begin PBXContainerItemProxy section */
		21CF94C21A595C44000F84E4 /* PBXContainerItemProxy */ = {
			isa = PBXContainerItemProxy;
			containerPortal = 21CF94A41A595C44000F84E4 /* Project object */;
			proxyType = 1;
			remoteGlobalIDString = 21CF94AB1A595C44000F84E4;
			remoteInfo = Liplis;
		};
/* End PBXContainerItemProxy section */

/* Begin PBXFileReference section */
		21CF94AC1A595C44000F84E4 /* Liplis.app */ = {isa = PBXFileReference; explicitFileType = wrapper.application; includeInIndex = 0; path = Liplis.app; sourceTree = BUILT_PRODUCTS_DIR; };
		21CF94B01A595C44000F84E4 /* Info.plist */ = {isa = PBXFileReference; lastKnownFileType = text.plist.xml; path = Info.plist; sourceTree = "<group>"; };
		21CF94B11A595C44000F84E4 /* AppDelegate.swift */ = {isa = PBXFileReference; lastKnownFileType = sourcecode.swift; path = AppDelegate.swift; sourceTree = "<group>"; };
		21CF94B31A595C44000F84E4 /* ViewController.swift */ = {isa = PBXFileReference; lastKnownFileType = sourcecode.swift; path = ViewController.swift; sourceTree = "<group>"; };
		21CF94B61A595C44000F84E4 /* Base */ = {isa = PBXFileReference; lastKnownFileType = file.storyboard; name = Base; path = Base.lproj/Main.storyboard; sourceTree = "<group>"; };
		21CF94B81A595C44000F84E4 /* Images.xcassets */ = {isa = PBXFileReference; lastKnownFileType = folder.assetcatalog; path = Images.xcassets; sourceTree = "<group>"; };
		21CF94BB1A595C44000F84E4 /* Base */ = {isa = PBXFileReference; lastKnownFileType = file.xib; name = Base; path = Base.lproj/LaunchScreen.xib; sourceTree = "<group>"; };
		21CF94C11A595C44000F84E4 /* LiplisTests.xctest */ = {isa = PBXFileReference; explicitFileType = wrapper.cfbundle; includeInIndex = 0; path = LiplisTests.xctest; sourceTree = BUILT_PRODUCTS_DIR; };
		21CF94C61A595C44000F84E4 /* Info.plist */ = {isa = PBXFileReference; lastKnownFileType = text.plist.xml; path = Info.plist; sourceTree = "<group>"; };
		21CF94C71A595C44000F84E4 /* LiplisTests.swift */ = {isa = PBXFileReference; lastKnownFileType = sourcecode.swift; path = LiplisTests.swift; sourceTree = "<group>"; };
/* End PBXFileReference section */

/* Begin PBXFrameworksBuildPhase section */
		21CF94A91A595C44000F84E4 /* Frameworks */ = {
			isa = PBXFrameworksBuildPhase;
			buildActionMask = 2147483647;
			files = (
			);
			runOnlyForDeploymentPostprocessing = 0;
		};
		21CF94BE1A595C44000F84E4 /* Frameworks */ = {
			isa = PBXFrameworksBuildPhase;
			buildActionMask = 2147483647;
			files = (
			);
			runOnlyForDeploymentPostprocessing = 0;
		};
/* End PBXFrameworksBuildPhase section */

/* Begin PBXGroup section */
		21CF94A31A595C44000F84E4 = {
			isa = PBXGroup;
			children = (
				21CF94AE1A595C44000F84E4 /* Liplis */,
				21CF94C41A595C44000F84E4 /* LiplisTests */,
				21CF94AD1A595C44000F84E4 /* Products */,
			);
			sourceTree = "<group>";
		};
		21CF94AD1A595C44000F84E4 /* Products */ = {
			isa = PBXGroup;
			children = (
				21CF94AC1A595C44000F84E4 /* Liplis.app */,
				21CF94C11A595C44000F84E4 /* LiplisTests.xctest */,
			);
			name = Products;
			sourceTree = "<group>";
		};
		21CF94AE1A595C44000F84E4 /* Liplis */ = {
			isa = PBXGroup;
			children = (
				21CF94B11A595C44000F84E4 /* AppDelegate.swift */,
				21CF94B31A595C44000F84E4 /* ViewController.swift */,
				21CF94B51A595C44000F84E4 /* Main.storyboard */,
				21CF94B81A595C44000F84E4 /* Images.xcassets */,
				21CF94BA1A595C44000F84E4 /* LaunchScreen.xib */,
				21CF94AF1A595C44000F84E4 /* Supporting Files */,
			);
			path = Liplis;
			sourceTree = "<group>";
		};
		21CF94AF1A595C44000F84E4 /* Supporting Files */ = {
			isa = PBXGroup;
			children = (
				21CF94B01A595C44000F84E4 /* Info.plist */,
			);
			name = "Supporting Files";
			sourceTree = "<group>";
		};
		21CF94C41A595C44000F84E4 /* LiplisTests */ = {
			isa = PBXGroup;
			children = (
				21CF94C71A595C44000F84E4 /* LiplisTests.swift */,
				21CF94C51A595C44000F84E4 /* Supporting Files */,
			);
			path = LiplisTests;
			sourceTree = "<group>";
		};
		21CF94C51A595C44000F84E4 /* Supporting Files */ = {
			isa = PBXGroup;
			children = (
				21CF94C61A595C44000F84E4 /* Info.plist */,
			);
			name = "Supporting Files";
			sourceTree = "<group>";
		};
/* End PBXGroup section */

/* Begin PBXNativeTarget section */
		21CF94AB1A595C44000F84E4 /* Liplis */ = {
			isa = PBXNativeTarget;
			buildConfigurationList = 21CF94CB1A595C44000F84E4 /* Build configuration list for PBXNativeTarget "Liplis" */;
			buildPhases = (
				21CF94A81A595C44000F84E4 /* Sources */,
				21CF94A91A595C44000F84E4 /* Frameworks */,
				21CF94AA1A595C44000F84E4 /* Resources */,
			);
			buildRules = (
			);
			dependencies = (
			);
			name = Liplis;
			productName = Liplis;
			productReference = 21CF94AC1A595C44000F84E4 /* Liplis.app */;
			productType = "com.apple.product-type.application";
		};
		21CF94C01A595C44000F84E4 /* LiplisTests */ = {
			isa = PBXNativeTarget;
			buildConfigurationList = 21CF94CE1A595C44000F84E4 /* Build configuration list for PBXNativeTarget "LiplisTests" */;
			buildPhases = (
				21CF94BD1A595C44000F84E4 /* Sources */,
				21CF94BE1A595C44000F84E4 /* Frameworks */,
				21CF94BF1A595C44000F84E4 /* Resources */,
			);
			buildRules = (
			);
			dependencies = (
				21CF94C31A595C44000F84E4 /* PBXTargetDependency */,
			);
			name = LiplisTests;
			productName = LiplisTests;
			productReference = 21CF94C11A595C44000F84E4 /* LiplisTests.xctest */;
			productType = "com.apple.product-type.bundle.unit-test";
		};
/* End PBXNativeTarget section */

/* Begin PBXProject section */
		21CF94A41A595C44000F84E4 /* Project object */ = {
			isa = PBXProject;
			attributes = {
				LastUpgradeCheck = 0610;
				ORGANIZATIONNAME = sachin;
				TargetAttributes = {
					21CF94AB1A595C44000F84E4 = {
						CreatedOnToolsVersion = 6.1.1;
					};
					21CF94C01A595C44000F84E4 = {
						CreatedOnToolsVersion = 6.1.1;
						TestTargetID = 21CF94AB1A595C44000F84E4;
					};
				};
			};
			buildConfigurationList = 21CF94A71A595C44000F84E4 /* Build configuration list for PBXProject "Liplis" */;
			compatibilityVersion = "Xcode 3.2";
			developmentRegion = English;
			hasScannedForEncodings = 0;
			knownRegions = (
				en,
				Base,
			);
			mainGroup = 21CF94A31A595C44000F84E4;
			productRefGroup = 21CF94AD1A595C44000F84E4 /* Products */;
			projectDirPath = "";
			projectRoot = "";
			targets = (
				21CF94AB1A595C44000F84E4 /* Liplis */,
				21CF94C01A595C44000F84E4 /* LiplisTests */,
			);
		};
/* End PBXProject section */

/* Begin PBXResourcesBuildPhase section */
		21CF94AA1A595C44000F84E4 /* Resources */ = {
			isa = PBXResourcesBuildPhase;
			buildActionMask = 2147483647;
			files = (
				21CF94B71A595C44000F84E4 /* Main.storyboard in Resources */,
				21CF94BC1A595C44000F84E4 /* LaunchScreen.xib in Resources */,
				21CF94B91A595C44000F84E4 /* Images.xcassets in Resources */,
			);
			runOnlyForDeploymentPostprocessing = 0;
		};
		21CF94BF1A595C44000F84E4 /* Resources */ = {
			isa = PBXResourcesBuildPhase;
			buildActionMask = 2147483647;
			files = (
			);
			runOnlyForDeploymentPostprocessing = 0;
		};
/* End PBXResourcesBuildPhase section */

/* Begin PBXSourcesBuildPhase section */
		21CF94A81A595C44000F84E4 /* Sources */ = {
			isa = PBXSourcesBuildPhase;
			buildActionMask = 2147483647;
			files = (
				21CF94B41A595C44000F84E4 /* ViewController.swift in Sources */,
				21CF94B21A595C44000F84E4 /* AppDelegate.swift in Sources */,
			);
			runOnlyForDeploymentPostprocessing = 0;
		};
		21CF94BD1A595C44000F84E4 /* Sources */ = {
			isa = PBXSourcesBuildPhase;
			buildActionMask = 2147483647;
			files = (
				21CF94C81A595C44000F84E4 /* LiplisTests.swift in Sources */,
			);
			runOnlyForDeploymentPostprocessing = 0;
		};
/* End PBXSourcesBuildPhase section */

/* Begin PBXTargetDependency section */
		21CF94C31A595C44000F84E4 /* PBXTargetDependency */ = {
			isa = PBXTargetDependency;
			target = 21CF94AB1A595C44000F84E4 /* Liplis */;
			targetProxy = 21CF94C21A595C44000F84E4 /* PBXContainerItemProxy */;
		};
/* End PBXTargetDependency section */

/* Begin PBXVariantGroup section */
		21CF94B51A595C44000F84E4 /* Main.storyboard */ = {
			isa = PBXVariantGroup;
			children = (
				21CF94B61A595C44000F84E4 /* Base */,
			);
			name = Main.storyboard;
			sourceTree = "<group>";
		};
		21CF94BA1A595C44000F84E4 /* LaunchScreen.xib */ = {
			isa = PBXVariantGroup;
			children = (
				21CF94BB1A595C44000F84E4 /* Base */,
			);
			name = LaunchScreen.xib;
			sourceTree = "<group>";
		};
/* End PBXVariantGroup section */

/* Begin XCBuildConfiguration section */
		21CF94C91A595C44000F84E4 /* Debug */ = {
			isa = XCBuildConfiguration;
			buildSettings = {
				ALWAYS_SEARCH_USER_PATHS = NO;
				CLANG_CXX_LANGUAGE_STANDARD = "gnu++0x";
				CLANG_CXX_LIBRARY = "libc++";
				CLANG_ENABLE_MODULES = YES;
				CLANG_ENABLE_OBJC_ARC = YES;
				CLANG_WARN_BOOL_CONVERSION = YES;
				CLANG_WARN_CONSTANT_CONVERSION = YES;
				CLANG_WARN_DIRECT_OBJC_ISA_USAGE = YES_ERROR;
				CLANG_WARN_EMPTY_BODY = YES;
				CLANG_WARN_ENUM_CONVERSION = YES;
				CLANG_WARN_INT_CONVERSION = YES;
				CLANG_WARN_OBJC_ROOT_CLASS = YES_ERROR;
				CLANG_WARN_UNREACHABLE_CODE = YES;
				CLANG_WARN__DUPLICATE_METHOD_MATCH = YES;
				"CODE_SIGN_IDENTITY[sdk=iphoneos*]" = "iPhone Developer";
				COPY_PHASE_STRIP = NO;
				ENABLE_STRICT_OBJC_MSGSEND = YES;
				GCC_C_LANGUAGE_STANDARD = gnu99;
				GCC_DYNAMIC_NO_PIC = NO;
				GCC_OPTIMIZATION_LEVEL = 0;
				GCC_PREPROCESSOR_DEFINITIONS = (
					"DEBUG=1",
					"$(inherited)",
				);
				GCC_SYMBOLS_PRIVATE_EXTERN = NO;
				GCC_WARN_64_TO_32_BIT_CONVERSION = YES;
				GCC_WARN_ABOUT_RETURN_TYPE = YES_ERROR;
				GCC_WARN_UNDECLARED_SELECTOR = YES;
				GCC_WARN_UNINITIALIZED_AUTOS = YES_AGGRESSIVE;
				GCC_WARN_UNUSED_FUNCTION = YES;
				GCC_WARN_UNUSED_VARIABLE = YES;
				IPHONEOS_DEPLOYMENT_TARGET = 8.1;
				MTL_ENABLE_DEBUG_INFO = YES;
				ONLY_ACTIVE_ARCH = YES;
				SDKROOT = iphoneos;
				SWIFT_OPTIMIZATION_LEVEL = "-Onone";
				TARGETED_DEVICE_FAMILY = "1,2";
			};
			name = Debug;
		};
		21CF94CA1A595C44000F84E4 /* Release */ = {
			isa = XCBuildConfiguration;
			buildSettings = {
				ALWAYS_SEARCH_USER_PATHS = NO;
				CLANG_CXX_LANGUAGE_STANDARD = "gnu++0x";
				CLANG_CXX_LIBRARY = "libc++";
				CLANG_ENABLE_MODULES = YES;
				CLANG_ENABLE_OBJC_ARC = YES;
				CLANG_WARN_BOOL_CONVERSION = YES;
				CLANG_WARN_CONSTANT_CONVERSION = YES;
				CLANG_WARN_DIRECT_OBJC_ISA_USAGE = YES_ERROR;
				CLANG_WARN_EMPTY_BODY = YES;
				CLANG_WARN_ENUM_CONVERSION = YES;
				CLANG_WARN_INT_CONVERSION = YES;
				CLANG_WARN_OBJC_ROOT_CLASS = YES_ERROR;
				CLANG_WARN_UNREACHABLE_CODE = YES;
				CLANG_WARN__DUPLICATE_METHOD_MATCH = YES;
				"CODE_SIGN_IDENTITY[sdk=iphoneos*]" = "iPhone Developer";
				COPY_PHASE_STRIP = YES;
				ENABLE_NS_ASSERTIONS = NO;
				ENABLE_STRICT_OBJC_MSGSEND = YES;
				GCC_C_LANGUAGE_STANDARD = gnu99;
				GCC_WARN_64_TO_32_BIT_CONVERSION = YES;
				GCC_WARN_ABOUT_RETURN_TYPE = YES_ERROR;
				GCC_WARN_UNDECLARED_SELECTOR = YES;
				GCC_WARN_UNINITIALIZED_AUTOS = YES_AGGRESSIVE;
				GCC_WARN_UNUSED_FUNCTION = YES;
				GCC_WARN_UNUSED_VARIABLE = YES;
				IPHONEOS_DEPLOYMENT_TARGET = 8.1;
				MTL_ENABLE_DEBUG_INFO = NO;
				SDKROOT = iphoneos;
				TARGETED_DEVICE_FAMILY = "1,2";
				VALIDATE_PRODUCT = YES;
			};
			name = Release;
		};
		21CF94CC1A595C44000F84E4 /* Debug */ = {
			isa = XCBuildConfiguration;
			buildSettings = {
				ASSETCATALOG_COMPILER_APPICON_NAME = AppIcon;
				INFOPLIST_FILE = Liplis/Info.plist;
				LD_RUNPATH_SEARCH_PATHS = "$(inherited) @executable_path/Frameworks";
				PRODUCT_NAME = "$(TARGET_NAME)";
			};
			name = Debug;
		};
		21CF94CD1A595C44000F84E4 /* Release */ = {
			isa = XCBuildConfiguration;
			buildSettings = {
				ASSETCATALOG_COMPILER_APPICON_NAME = AppIcon;
				INFOPLIST_FILE = Liplis/Info.plist;
				LD_RUNPATH_SEARCH_PATHS = "$(inherited) @executable_path/Frameworks";
				PRODUCT_NAME = "$(TARGET_NAME)";
			};
			name = Release;
		};
		21CF94CF1A595C44000F84E4 /* Debug */ = {
			isa = XCBuildConfiguration;
			buildSettings = {
				BUNDLE_LOADER = "$(TEST_HOST)";
				FRAMEWORK_SEARCH_PATHS = (
					"$(SDKROOT)/Developer/Library/Frameworks",
					"$(inherited)",
				);
				GCC_PREPROCESSOR_DEFINITIONS = (
					"DEBUG=1",
					"$(inherited)",
				);
				INFOPLIST_FILE = LiplisTests/Info.plist;
				LD_RUNPATH_SEARCH_PATHS = "$(inherited) @executable_path/Frameworks @loader_path/Frameworks";
				PRODUCT_NAME = "$(TARGET_NAME)";
				TEST_HOST = "$(BUILT_PRODUCTS_DIR)/Liplis.app/Liplis";
			};
			name = Debug;
		};
		21CF94D01A595C44000F84E4 /* Release */ = {
			isa = XCBuildConfiguration;
			buildSettings = {
				BUNDLE_LOADER = "$(TEST_HOST)";
				FRAMEWORK_SEARCH_PATHS = (
					"$(SDKROOT)/Developer/Library/Frameworks",
					"$(inherited)",
				);
				INFOPLIST_FILE = LiplisTests/Info.plist;
				LD_RUNPATH_SEARCH_PATHS = "$(inherited) @executable_path/Frameworks @loader_path/Frameworks";
				PRODUCT_NAME = "$(TARGET_NAME)";
				TEST_HOST = "$(BUILT_PRODUCTS_DIR)/Liplis.app/Liplis";
			};
			name = Release;
		};
/* End XCBuildConfiguration section */

/* Begin XCConfigurationList section */
		21CF94A71A595C44000F84E4 /* Build configuration list for PBXProject "Liplis" */ = {
			isa = XCConfigurationList;
			buildConfigurations = (
				21CF94C91A595C44000F84E4 /* Debug */,
				21CF94CA1A595C44000F84E4 /* Release */,
			);
			defaultConfigurationIsVisible = 0;
			defaultConfigurationName = Release;
		};
		21CF94CB1A595C44000F84E4 /* Build configuration list for PBXNativeTarget "Liplis" */ = {
			isa = XCConfigurationList;
			buildConfigurations = (
				21CF94CC1A595C44000F84E4 /* Debug */,
				21CF94CD1A595C44000F84E4 /* Release */,
			);
			defaultConfigurationIsVisible = 0;
		};
		21CF94CE1A595C44000F84E4 /* Build configuration list for PBXNativeTarget "LiplisTests" */ = {
			isa = XCConfigurationList;
			buildConfigurations = (
				21CF94CF1A595C44000F84E4 /* Debug */,
				21CF94D01A595C44000F84E4 /* Release */,
			);
			defaultConfigurationIsVisible = 0;
		};
/* End XCConfigurationList section */
	};
	rootObject = 21CF94A41A595C44000F84E4 /* Project object */;
}
